
Microsoft Visual Studio Solution File, Format Version 12.00
# Visual Studio Version 16
VisualStudioVersion = 16.0.31624.102
MinimumVisualStudioVersion = 10.0.40219.1
Project("{8BC9CEB8-8B4A-11D0-8D11-00A0C91BC942}") = "task2_homework", "task2_homework.vcxproj", "{7641D6CC-CAED-4D29-85A7-A6F95173C605}"
EndProject
Global
	GlobalSection(SolutionConfigurationPlatforms) = preSolution
		Debug|x64 = Debug|x64
		Debug|x86 = Debug|x86
		Release|x64 = Release|x64
		Release|x86 = Release|x86
	EndGlobalSection
	GlobalSection(ProjectConfigurationPlatforms) = postSolution
		{7641D6CC-CAED-4D29-85A7-A6F95173C605}.Debug|x64.ActiveCfg = Debug|x64
		{7641D6CC-CAED-4D29-85A7-A6F95173C605}.Debug|x64.Build.0 = Debug|x64
		{7641D6CC-CAED-4D29-85A7-A6F95173C605}.Debug|x86.ActiveCfg = Debug|Win32
		{7641D6CC-CAED-4D29-85A7-A6F95173C605}.Debug|x86.Build.0 = Debug|Win32
		{7641D6CC-CAED-4D29-85A7-A6F95173C605}.Release|x64.ActiveCfg = Release|x64
		{7641D6CC-CAED-4D29-85A7-A6F95173C605}.Release|x64.Build.0 = Release|x64
		{7641D6CC-CAED-4D29-85A7-A6F95173C605}.Release|x86.ActiveCfg = Release|Win32
		{7641D6CC-CAED-4D29-85A7-A6F95173C605}.Release|x86.Build.0 = Release|Win32
	EndGlobalSection
	GlobalSection(SolutionProperties) = preSolution
		HideSolutionNode = FALSE
	EndGlobalSection
	GlobalSection(ExtensibilityGlobals) = postSolution
		SolutionGuid = {84597751-607A-4D42-8626-44A937E39A9A}
	EndGlobalSection
EndGlobal
